
Microsoft Visual Studio Solution File, Format Version 12.00
# Visual Studio Version 17
VisualStudioVersion = 17.8.34330.188
MinimumVisualStudioVersion = 10.0.40219.1
Project("{FAE04EC0-301F-11D3-BF4B-00C04F79EFBC}") = "Hrm System", "Hrm System\Hrm System.csproj", "{E6B58673-FE63-4C2E-9F67-D40BC9AA5289}"
EndProject
Project("{9A19103F-16F7-4668-BE54-9A1E7A4F7556}") = "Hrm SystemCore", "Hrm SystemCore\Hrm SystemCore.csproj", "{77D246AE-ACB2-40E1-BD88-0368308509E5}"
EndProject
Global
	GlobalSection(SolutionConfigurationPlatforms) = preSolution
		Debug|Any CPU = Debug|Any CPU
		Release|Any CPU = Release|Any CPU
	EndGlobalSection
	GlobalSection(ProjectConfigurationPlatforms) = postSolution
		{E6B58673-FE63-4C2E-9F67-D40BC9AA5289}.Debug|Any CPU.ActiveCfg = Debug|Any CPU
		{E6B58673-FE63-4C2E-9F67-D40BC9AA5289}.Debug|Any CPU.Build.0 = Debug|Any CPU
		{E6B58673-FE63-4C2E-9F67-D40BC9AA5289}.Release|Any CPU.ActiveCfg = Release|Any CPU
		{E6B58673-FE63-4C2E-9F67-D40BC9AA5289}.Release|Any CPU.Build.0 = Release|Any CPU
		{77D246AE-ACB2-40E1-BD88-0368308509E5}.Debug|Any CPU.ActiveCfg = Debug|Any CPU
		{77D246AE-ACB2-40E1-BD88-0368308509E5}.Debug|Any CPU.Build.0 = Debug|Any CPU
		{77D246AE-ACB2-40E1-BD88-0368308509E5}.Release|Any CPU.ActiveCfg = Release|Any CPU
		{77D246AE-ACB2-40E1-BD88-0368308509E5}.Release|Any CPU.Build.0 = Release|Any CPU
	EndGlobalSection
	GlobalSection(SolutionProperties) = preSolution
		HideSolutionNode = FALSE
	EndGlobalSection
EndGlobal
